
Microsoft Visual Studio Solution File, Format Version 12.00
# Visual Studio Version 16
VisualStudioVersion = 16.0.31702.278
MinimumVisualStudioVersion = 10.0.40219.1
Project("{FAE04EC0-301F-11D3-BF4B-00C04F79EFBC}") = "Lab04", "Lab04\Lab04.csproj", "{F19B9334-400B-4730-83AB-D93C0BF2A5DB}"
EndProject
Global
	GlobalSection(SolutionConfigurationPlatforms) = preSolution
		Debug|Any CPU = Debug|Any CPU
		Release|Any CPU = Release|Any CPU
	EndGlobalSection
	GlobalSection(ProjectConfigurationPlatforms) = postSolution
		{F19B9334-400B-4730-83AB-D93C0BF2A5DB}.Debug|Any CPU.ActiveCfg = Debug|Any CPU
		{F19B9334-400B-4730-83AB-D93C0BF2A5DB}.Debug|Any CPU.Build.0 = Debug|Any CPU
		{F19B9334-400B-4730-83AB-D93C0BF2A5DB}.Release|Any CPU.ActiveCfg = Release|Any CPU
		{F19B9334-400B-4730-83AB-D93C0BF2A5DB}.Release|Any CPU.Build.0 = Release|Any CPU
	EndGlobalSection
	GlobalSection(SolutionProperties) = preSolution
		HideSolutionNode = FALSE
	EndGlobalSection
	GlobalSection(ExtensibilityGlobals) = postSolution
		SolutionGuid = {499E7579-9B62-47F3-AB01-EA0A2175CF5A}
	EndGlobalSection
EndGlobal
