
Microsoft Visual Studio Solution File, Format Version 12.00
# Visual Studio Version 16
VisualStudioVersion = 16.0.31702.278
MinimumVisualStudioVersion = 10.0.40219.1
Project("{FAE04EC0-301F-11D3-BF4B-00C04F79EFBC}") = "Lab04_Demo_Exploer", "Lab04_Demo_Exploer\Lab04_Demo_Exploer.csproj", "{AA944EAF-9160-4F8C-B0CA-FD044E5F7FFC}"
EndProject
Global
	GlobalSection(SolutionConfigurationPlatforms) = preSolution
		Debug|Any CPU = Debug|Any CPU
		Release|Any CPU = Release|Any CPU
	EndGlobalSection
	GlobalSection(ProjectConfigurationPlatforms) = postSolution
		{AA944EAF-9160-4F8C-B0CA-FD044E5F7FFC}.Debug|Any CPU.ActiveCfg = Debug|Any CPU
		{AA944EAF-9160-4F8C-B0CA-FD044E5F7FFC}.Debug|Any CPU.Build.0 = Debug|Any CPU
		{AA944EAF-9160-4F8C-B0CA-FD044E5F7FFC}.Release|Any CPU.ActiveCfg = Release|Any CPU
		{AA944EAF-9160-4F8C-B0CA-FD044E5F7FFC}.Release|Any CPU.Build.0 = Release|Any CPU
	EndGlobalSection
	GlobalSection(SolutionProperties) = preSolution
		HideSolutionNode = FALSE
	EndGlobalSection
	GlobalSection(ExtensibilityGlobals) = postSolution
		SolutionGuid = {EF57F550-92FB-4417-9042-C744B44B2947}
	EndGlobalSection
EndGlobal
