
Microsoft Visual Studio Solution File, Format Version 12.00
# Visual Studio Version 16
VisualStudioVersion = 16.0.31624.102
MinimumVisualStudioVersion = 10.0.40219.1
Project("{FAE04EC0-301F-11D3-BF4B-00C04F79EFBC}") = "Lab02_ViDu2", "Lab02_ViDu2\Lab02_ViDu2.csproj", "{CEFA6DA0-DAD2-42F1-B2F2-65905CE748F4}"
EndProject
Global
	GlobalSection(SolutionConfigurationPlatforms) = preSolution
		Debug|Any CPU = Debug|Any CPU
		Release|Any CPU = Release|Any CPU
	EndGlobalSection
	GlobalSection(ProjectConfigurationPlatforms) = postSolution
		{CEFA6DA0-DAD2-42F1-B2F2-65905CE748F4}.Debug|Any CPU.ActiveCfg = Debug|Any CPU
		{CEFA6DA0-DAD2-42F1-B2F2-65905CE748F4}.Debug|Any CPU.Build.0 = Debug|Any CPU
		{CEFA6DA0-DAD2-42F1-B2F2-65905CE748F4}.Release|Any CPU.ActiveCfg = Release|Any CPU
		{CEFA6DA0-DAD2-42F1-B2F2-65905CE748F4}.Release|Any CPU.Build.0 = Release|Any CPU
	EndGlobalSection
	GlobalSection(SolutionProperties) = preSolution
		HideSolutionNode = FALSE
	EndGlobalSection
	GlobalSection(ExtensibilityGlobals) = postSolution
		SolutionGuid = {F65BC130-C2FC-4EF3-8023-E70C1E59D790}
	EndGlobalSection
EndGlobal
