
Microsoft Visual Studio Solution File, Format Version 12.00
# Visual Studio Version 16
VisualStudioVersion = 16.0.31624.102
MinimumVisualStudioVersion = 10.0.40219.1
Project("{FAE04EC0-301F-11D3-BF4B-00C04F79EFBC}") = "Lab03_Demo", "Lab03_Demo\Lab03_Demo.csproj", "{187DE9A0-9347-4B20-A02A-17109B0D82CA}"
EndProject
Global
	GlobalSection(SolutionConfigurationPlatforms) = preSolution
		Debug|Any CPU = Debug|Any CPU
		Release|Any CPU = Release|Any CPU
	EndGlobalSection
	GlobalSection(ProjectConfigurationPlatforms) = postSolution
		{187DE9A0-9347-4B20-A02A-17109B0D82CA}.Debug|Any CPU.ActiveCfg = Debug|Any CPU
		{187DE9A0-9347-4B20-A02A-17109B0D82CA}.Debug|Any CPU.Build.0 = Debug|Any CPU
		{187DE9A0-9347-4B20-A02A-17109B0D82CA}.Release|Any CPU.ActiveCfg = Release|Any CPU
		{187DE9A0-9347-4B20-A02A-17109B0D82CA}.Release|Any CPU.Build.0 = Release|Any CPU
	EndGlobalSection
	GlobalSection(SolutionProperties) = preSolution
		HideSolutionNode = FALSE
	EndGlobalSection
	GlobalSection(ExtensibilityGlobals) = postSolution
		SolutionGuid = {FD9533EB-B13E-4D7E-921D-14E50F58CCDC}
	EndGlobalSection
EndGlobal
